PODS:
  - LookinServer/Core (1.2.8)
  - LookinServer/Swift (1.2.8):
    - LookinServer/Core
  - ZHHProgressHUD (0.0.1)

DEPENDENCIES:
  - LookinServer/Swift
  - ZHHProgressHUD (from `../`)

SPEC REPOS:
  trunk:
    - LookinServer

EXTERNAL SOURCES:
  ZHHProgressHUD:
    :path: "../"

SPEC CHECKSUMS:
  LookinServer: 1b2b61c6402ae29fa22182d48f5cd067b4e99e80
  ZHHProgressHUD: c2fa8f818ff27929b264f66fc84ce8a2034d9749

PODFILE CHECKSUM: e771ebc96ebba437d5598a7904e06c5702ec99d4

COCOAPODS: 1.16.2
